
Microsoft Visual Studio Solution File, Format Version 12.00
# Visual Studio Version 16
VisualStudioVersion = 16.0.30309.148
MinimumVisualStudioVersion = 10.0.40219.1
Project("{FAE04EC0-301F-11D3-BF4B-00C04F79EFBC}") = "LGMServer", "LGMServer\LGMServer.csproj", "{67445265-D6F9-4B7C-9C12-6214B78FAFD8}"
EndProject
Global
	GlobalSection(SolutionConfigurationPlatforms) = preSolution
		Debug|Any CPU = Debug|Any CPU
		Release|Any CPU = Release|Any CPU
	EndGlobalSection
	GlobalSection(ProjectConfigurationPlatforms) = postSolution
		{67445265-D6F9-4B7C-9C12-6214B78FAFD8}.Debug|Any CPU.ActiveCfg = Debug|Any CPU
		{67445265-D6F9-4B7C-9C12-6214B78FAFD8}.Debug|Any CPU.Build.0 = Debug|Any CPU
		{67445265-D6F9-4B7C-9C12-6214B78FAFD8}.Release|Any CPU.ActiveCfg = Release|Any CPU
		{67445265-D6F9-4B7C-9C12-6214B78FAFD8}.Release|Any CPU.Build.0 = Release|Any CPU
	EndGlobalSection
	GlobalSection(SolutionProperties) = preSolution
		HideSolutionNode = FALSE
	EndGlobalSection
	GlobalSection(ExtensibilityGlobals) = postSolution
		SolutionGuid = {95EFAC5D-8E39-4AF0-98F1-CEABA1E76FE4}
	EndGlobalSection
EndGlobal
