
Microsoft Visual Studio Solution File, Format Version 12.00
# Visual Studio Version 16
VisualStudioVersion = 16.0.30309.148
MinimumVisualStudioVersion = 10.0.40219.1
Project("{FAE04EC0-301F-11D3-BF4B-00C04F79EFBC}") = "GameificServer", "GameificServer\GameificServer.csproj", "{B209C8D6-DD38-442D-867B-B165B62F2B16}"
EndProject
Global
	GlobalSection(SolutionConfigurationPlatforms) = preSolution
		Debug|Any CPU = Debug|Any CPU
		Release|Any CPU = Release|Any CPU
	EndGlobalSection
	GlobalSection(ProjectConfigurationPlatforms) = postSolution
		{B209C8D6-DD38-442D-867B-B165B62F2B16}.Debug|Any CPU.ActiveCfg = Debug|Any CPU
		{B209C8D6-DD38-442D-867B-B165B62F2B16}.Debug|Any CPU.Build.0 = Debug|Any CPU
		{B209C8D6-DD38-442D-867B-B165B62F2B16}.Release|Any CPU.ActiveCfg = Release|Any CPU
		{B209C8D6-DD38-442D-867B-B165B62F2B16}.Release|Any CPU.Build.0 = Release|Any CPU
	EndGlobalSection
	GlobalSection(SolutionProperties) = preSolution
		HideSolutionNode = FALSE
	EndGlobalSection
	GlobalSection(ExtensibilityGlobals) = postSolution
		SolutionGuid = {36966313-DFDB-4FAD-8813-BBAC22611B5F}
	EndGlobalSection
EndGlobal
